
Microsoft Visual Studio Solution File, Format Version 11.00
# Visual Studio 2010
Project("{E24C65DC-7377-472B-9ABA-BC803B73C61A}") = "CB15003", "..\..\WebSites\CB15003\", "{5217AAEB-C7EB-43F8-A9C3-0E64307DF69A}"
	ProjectSection(WebsiteProperties) = preProject
		TargetFrameworkMoniker = ".NETFramework,Version%3Dv4.0"
		Debug.AspNetCompiler.VirtualPath = "/CB15003"
		Debug.AspNetCompiler.PhysicalPath = "..\..\WebSites\CB15003\"
		Debug.AspNetCompiler.TargetPath = "PrecompiledWeb\CB15003\"
		Debug.AspNetCompiler.Updateable = "true"
		Debug.AspNetCompiler.ForceOverwrite = "true"
		Debug.AspNetCompiler.FixedNames = "false"
		Debug.AspNetCompiler.Debug = "True"
		Release.AspNetCompiler.VirtualPath = "/CB15003"
		Release.AspNetCompiler.PhysicalPath = "..\..\WebSites\CB15003\"
		Release.AspNetCompiler.TargetPath = "PrecompiledWeb\CB15003\"
		Release.AspNetCompiler.Updateable = "true"
		Release.AspNetCompiler.ForceOverwrite = "true"
		Release.AspNetCompiler.FixedNames = "false"
		Release.AspNetCompiler.Debug = "False"
		VWDPort = "2073"
		DefaultWebSiteLanguage = "Visual C#"
	EndProjectSection
EndProject
Global
	GlobalSection(SolutionConfigurationPlatforms) = preSolution
		Debug|Any CPU = Debug|Any CPU
	EndGlobalSection
	GlobalSection(ProjectConfigurationPlatforms) = postSolution
		{5217AAEB-C7EB-43F8-A9C3-0E64307DF69A}.Debug|Any CPU.ActiveCfg = Debug|Any CPU
		{5217AAEB-C7EB-43F8-A9C3-0E64307DF69A}.Debug|Any CPU.Build.0 = Debug|Any CPU
	EndGlobalSection
	GlobalSection(SolutionProperties) = preSolution
		HideSolutionNode = FALSE
	EndGlobalSection
EndGlobal
